// !$*UTF8*$!
{
	archiveVersion = 1;
	classes = {
	};
	objectVersion = 46;
	objects = {

/* Begin PBXBuildFile section */
		D7CC085B1CDBA33400819A6F /* main.m in Sources */ = {isa = PBXBuildFile; fileRef = D7CC085A1CDBA33400819A6F /* main.m */; };
		D7CC085E1CDBA33400819A6F /* AppDelegate.m in Sources */ = {isa = PBXBuildFile; fileRef = D7CC085D1CDBA33400819A6F /* AppDelegate.m */; };
		D7CC08611CDBA33400819A6F /* ViewController.m in Sources */ = {isa = PBXBuildFile; fileRef = D7CC08601CDBA33400819A6F /* ViewController.m */; };
		D7CC08641CDBA33400819A6F /* Main.storyboard in Resources */ = {isa = PBXBuildFile; fileRef = D7CC08621CDBA33400819A6F /* Main.storyboard */; };
		D7CC08661CDBA33400819A6F /* Assets.xcassets in Resources */ = {isa = PBXBuildFile; fileRef = D7CC08651CDBA33400819A6F /* Assets.xcassets */; };
		D7CC08691CDBA33400819A6F /* LaunchScreen.storyboard in Resources */ = {isa = PBXBuildFile; fileRef = D7CC08671CDBA33400819A6F /* LaunchScreen.storyboard */; };
		D7CC08741CDBA33400819A6F /* MSActionViewTests.m in Sources */ = {isa = PBXBuildFile; fileRef = D7CC08731CDBA33400819A6F /* MSActionViewTests.m */; };
		D7CC087F1CDBA33400819A6F /* MSActionViewUITests.m in Sources */ = {isa = PBXBuildFile; fileRef = D7CC087E1CDBA33400819A6F /* MSActionViewUITests.m */; };
		D7CC088F1CDBA36200819A6F /* MSActionView.m in Sources */ = {isa = PBXBuildFile; fileRef = D7CC088E1CDBA36200819A6F /* MSActionView.m */; };
		D7ECC6AC1CDBBA2900337234 /* MSActionTableViewCell.m in Sources */ = {isa = PBXBuildFile; fileRef = D7ECC6AB1CDBBA2900337234 /* MSActionTableViewCell.m */; };
/* End PBXBuildFile section */

/* Begin PBXContainerItemProxy section */
		D7CC08701CDBA33400819A6F /* PBXContainerItemProxy */ = {
			isa = PBXContainerItemProxy;
			containerPortal = D7CC084E1CDBA33400819A6F /* Project object */;
			proxyType = 1;
			remoteGlobalIDString = D7CC08551CDBA33400819A6F;
			remoteInfo = MSActionView;
		};
		D7CC087B1CDBA33400819A6F /* PBXContainerItemProxy */ = {
			isa = PBXContainerItemProxy;
			containerPortal = D7CC084E1CDBA33400819A6F /* Project object */;
			proxyType = 1;
			remoteGlobalIDString = D7CC08551CDBA33400819A6F;
			remoteInfo = MSActionView;
		};
/* End PBXContainerItemProxy section */

/* Begin PBXFileReference section */
		D7CC08561CDBA33400819A6F /* MSActionView.app */ = {isa = PBXFileReference; explicitFileType = wrapper.application; includeInIndex = 0; path = MSActionView.app; sourceTree = BUILT_PRODUCTS_DIR; };
		D7CC085A1CDBA33400819A6F /* main.m */ = {isa = PBXFileReference; lastKnownFileType = sourcecode.c.objc; path = main.m; sourceTree = "<group>"; };
		D7CC085C1CDBA33400819A6F /* AppDelegate.h */ = {isa = PBXFileReference; lastKnownFileType = sourcecode.c.h; path = AppDelegate.h; sourceTree = "<group>"; };
		D7CC085D1CDBA33400819A6F /* AppDelegate.m */ = {isa = PBXFileReference; lastKnownFileType = sourcecode.c.objc; path = AppDelegate.m; sourceTree = "<group>"; };
		D7CC085F1CDBA33400819A6F /* ViewController.h */ = {isa = PBXFileReference; lastKnownFileType = sourcecode.c.h; path = ViewController.h; sourceTree = "<group>"; };
		D7CC08601CDBA33400819A6F /* ViewController.m */ = {isa = PBXFileReference; lastKnownFileType = sourcecode.c.objc; path = ViewController.m; sourceTree = "<group>"; };
		D7CC08631CDBA33400819A6F /* Base */ = {isa = PBXFileReference; lastKnownFileType = file.storyboard; name = Base; path = Base.lproj/Main.storyboard; sourceTree = "<group>"; };
		D7CC08651CDBA33400819A6F /* Assets.xcassets */ = {isa = PBXFileReference; lastKnownFileType = folder.assetcatalog; path = Assets.xcassets; sourceTree = "<group>"; };
		D7CC08681CDBA33400819A6F /* Base */ = {isa = PBXFileReference; lastKnownFileType = file.storyboard; name = Base; path = Base.lproj/LaunchScreen.storyboard; sourceTree = "<group>"; };
		D7CC086A1CDBA33400819A6F /* Info.plist */ = {isa = PBXFileReference; lastKnownFileType = text.plist.xml; path = Info.plist; sourceTree = "<group>"; };
		D7CC086F1CDBA33400819A6F /* MSActionViewTests.xctest */ = {isa = PBXFileReference; explicitFileType = wrapper.cfbundle; includeInIndex = 0; path = MSActionViewTests.xctest; sourceTree = BUILT_PRODUCTS_DIR; };
		D7CC08731CDBA33400819A6F /* MSActionViewTests.m */ = {isa = PBXFileReference; lastKnownFileType = sourcecode.c.objc; path = MSActionViewTests.m; sourceTree = "<group>"; };
		D7CC08751CDBA33400819A6F /* Info.plist */ = {isa = PBXFileReference; lastKnownFileType = text.plist.xml; path = Info.plist; sourceTree = "<group>"; };
		D7CC087A1CDBA33400819A6F /* MSActionViewUITests.xctest */ = {isa = PBXFileReference; explicitFileType = wrapper.cfbundle; includeInIndex = 0; path = MSActionViewUITests.xctest; sourceTree = BUILT_PRODUCTS_DIR; };
		D7CC087E1CDBA33400819A6F /* MSActionViewUITests.m */ = {isa = PBXFileReference; lastKnownFileType = sourcecode.c.objc; path = MSActionViewUITests.m; sourceTree = "<group>"; };
		D7CC08801CDBA33400819A6F /* Info.plist */ = {isa = PBXFileReference; lastKnownFileType = text.plist.xml; path = Info.plist; sourceTree = "<group>"; };
		D7CC088D1CDBA36200819A6F /* MSActionView.h */ = {isa = PBXFileReference; fileEncoding = 4; lastKnownFileType = sourcecode.c.h; name = MSActionView.h; path = MSActionView/MSActionView.h; sourceTree = "<group>"; };
		D7CC088E1CDBA36200819A6F /* MSActionView.m */ = {isa = PBXFileReference; fileEncoding = 4; lastKnownFileType = sourcecode.c.objc; name = MSActionView.m; path = MSActionView/MSActionView.m; sourceTree = "<group>"; };
		D7ECC6A91CDBA53300337234 /* MSActionViewHeader.h */ = {isa = PBXFileReference; lastKnownFileType = sourcecode.c.h; name = MSActionViewHeader.h; path = MSActionView/MSActionViewHeader.h; sourceTree = "<group>"; };
		D7ECC6AA1CDBBA2900337234 /* MSActionTableViewCell.h */ = {isa = PBXFileReference; fileEncoding = 4; lastKnownFileType = sourcecode.c.h; name = MSActionTableViewCell.h; path = MSActionView/MSActionTableViewCell.h; sourceTree = "<group>"; };
		D7ECC6AB1CDBBA2900337234 /* MSActionTableViewCell.m */ = {isa = PBXFileReference; fileEncoding = 4; lastKnownFileType = sourcecode.c.objc; name = MSActionTableViewCell.m; path = MSActionView/MSActionTableViewCell.m; sourceTree = "<group>"; };
		F52D109C1CDC70460033209D /* MSActionViewPrefix.pch */ = {isa = PBXFileReference; lastKnownFileType = sourcecode.c.h; name = MSActionViewPrefix.pch; path = MSActionView/MSActionViewPrefix.pch; sourceTree = "<group>"; };
/* End PBXFileReference section */

/* Begin PBXFrameworksBuildPhase section */
		D7CC08531CDBA33400819A6F /* Frameworks */ = {
			isa = PBXFrameworksBuildPhase;
			buildActionMask = 2147483647;
			files = (
			);
			runOnlyForDeploymentPostprocessing = 0;
		};
		D7CC086C1CDBA33400819A6F /* Frameworks */ = {
			isa = PBXFrameworksBuildPhase;
			buildActionMask = 2147483647;
			files = (
			);
			runOnlyForDeploymentPostprocessing = 0;
		};
		D7CC08771CDBA33400819A6F /* Frameworks */ = {
			isa = PBXFrameworksBuildPhase;
			buildActionMask = 2147483647;
			files = (
			);
			runOnlyForDeploymentPostprocessing = 0;
		};
/* End PBXFrameworksBuildPhase section */

/* Begin PBXGroup section */
		D7CC084D1CDBA33400819A6F = {
			isa = PBXGroup;
			children = (
				D7CC08581CDBA33400819A6F /* MSActionView */,
				D7CC08721CDBA33400819A6F /* MSActionViewTests */,
				D7CC087D1CDBA33400819A6F /* MSActionViewUITests */,
				D7CC08571CDBA33400819A6F /* Products */,
			);
			sourceTree = "<group>";
		};
		D7CC08571CDBA33400819A6F /* Products */ = {
			isa = PBXGroup;
			children = (
				D7CC08561CDBA33400819A6F /* MSActionView.app */,
				D7CC086F1CDBA33400819A6F /* MSActionViewTests.xctest */,
				D7CC087A1CDBA33400819A6F /* MSActionViewUITests.xctest */,
			);
			name = Products;
			sourceTree = "<group>";
		};
		D7CC08581CDBA33400819A6F /* MSActionView */ = {
			isa = PBXGroup;
			children = (
				D7CC088C1CDBA34700819A6F /* MSActionView */,
				D7CC085C1CDBA33400819A6F /* AppDelegate.h */,
				D7CC085D1CDBA33400819A6F /* AppDelegate.m */,
				D7CC085F1CDBA33400819A6F /* ViewController.h */,
				D7CC08601CDBA33400819A6F /* ViewController.m */,
				D7CC08621CDBA33400819A6F /* Main.storyboard */,
				D7CC08651CDBA33400819A6F /* Assets.xcassets */,
				D7CC08671CDBA33400819A6F /* LaunchScreen.storyboard */,
				D7CC086A1CDBA33400819A6F /* Info.plist */,
				D7CC08591CDBA33400819A6F /* Supporting Files */,
			);
			path = MSActionView;
			sourceTree = "<group>";
		};
		D7CC08591CDBA33400819A6F /* Supporting Files */ = {
			isa = PBXGroup;
			children = (
				D7CC085A1CDBA33400819A6F /* main.m */,
			);
			name = "Supporting Files";
			sourceTree = "<group>";
		};
		D7CC08721CDBA33400819A6F /* MSActionViewTests */ = {
			isa = PBXGroup;
			children = (
				D7CC08731CDBA33400819A6F /* MSActionViewTests.m */,
				D7CC08751CDBA33400819A6F /* Info.plist */,
			);
			path = MSActionViewTests;
			sourceTree = "<group>";
		};
		D7CC087D1CDBA33400819A6F /* MSActionViewUITests */ = {
			isa = PBXGroup;
			children = (
				D7CC087E1CDBA33400819A6F /* MSActionViewUITests.m */,
				D7CC08801CDBA33400819A6F /* Info.plist */,
			);
			path = MSActionViewUITests;
			sourceTree = "<group>";
		};
		D7CC088C1CDBA34700819A6F /* MSActionView */ = {
			isa = PBXGroup;
			children = (
				D7CC088D1CDBA36200819A6F /* MSActionView.h */,
				D7CC088E1CDBA36200819A6F /* MSActionView.m */,
				D7ECC6A91CDBA53300337234 /* MSActionViewHeader.h */,
				D7ECC6AA1CDBBA2900337234 /* MSActionTableViewCell.h */,
				D7ECC6AB1CDBBA2900337234 /* MSActionTableViewCell.m */,
				F52D109C1CDC70460033209D /* MSActionViewPrefix.pch */,
			);
			name = MSActionView;
			sourceTree = "<group>";
		};
/* End PBXGroup section */

/* Begin PBXNativeTarget section */
		D7CC08551CDBA33400819A6F /* MSActionView */ = {
			isa = PBXNativeTarget;
			buildConfigurationList = D7CC08831CDBA33400819A6F /* Build configuration list for PBXNativeTarget "MSActionView" */;
			buildPhases = (
				D7CC08521CDBA33400819A6F /* Sources */,
				D7CC08531CDBA33400819A6F /* Frameworks */,
				D7CC08541CDBA33400819A6F /* Resources */,
			);
			buildRules = (
			);
			dependencies = (
			);
			name = MSActionView;
			productName = MSActionView;
			productReference = D7CC08561CDBA33400819A6F /* MSActionView.app */;
			productType = "com.apple.product-type.application";
		};
		D7CC086E1CDBA33400819A6F /* MSActionViewTests */ = {
			isa = PBXNativeTarget;
			buildConfigurationList = D7CC08861CDBA33400819A6F /* Build configuration list for PBXNativeTarget "MSActionViewTests" */;
			buildPhases = (
				D7CC086B1CDBA33400819A6F /* Sources */,
				D7CC086C1CDBA33400819A6F /* Frameworks */,
				D7CC086D1CDBA33400819A6F /* Resources */,
			);
			buildRules = (
			);
			dependencies = (
				D7CC08711CDBA33400819A6F /* PBXTargetDependency */,
			);
			name = MSActionViewTests;
			productName = MSActionViewTests;
			productReference = D7CC086F1CDBA33400819A6F /* MSActionViewTests.xctest */;
			productType = "com.apple.product-type.bundle.unit-test";
		};
		D7CC08791CDBA33400819A6F /* MSActionViewUITests */ = {
			isa = PBXNativeTarget;
			buildConfigurationList = D7CC08891CDBA33400819A6F /* Build configuration list for PBXNativeTarget "MSActionViewUITests" */;
			buildPhases = (
				D7CC08761CDBA33400819A6F /* Sources */,
				D7CC08771CDBA33400819A6F /* Frameworks */,
				D7CC08781CDBA33400819A6F /* Resources */,
			);
			buildRules = (
			);
			dependencies = (
				D7CC087C1CDBA33400819A6F /* PBXTargetDependency */,
			);
			name = MSActionViewUITests;
			productName = MSActionViewUITests;
			productReference = D7CC087A1CDBA33400819A6F /* MSActionViewUITests.xctest */;
			productType = "com.apple.product-type.bundle.ui-testing";
		};
/* End PBXNativeTarget section */

/* Begin PBXProject section */
		D7CC084E1CDBA33400819A6F /* Project object */ = {
			isa = PBXProject;
			attributes = {
				LastUpgradeCheck = 0730;
				ORGANIZATIONNAME = mesird;
				TargetAttributes = {
					D7CC08551CDBA33400819A6F = {
						CreatedOnToolsVersion = 7.3;
					};
					D7CC086E1CDBA33400819A6F = {
						CreatedOnToolsVersion = 7.3;
						TestTargetID = D7CC08551CDBA33400819A6F;
					};
					D7CC08791CDBA33400819A6F = {
						CreatedOnToolsVersion = 7.3;
						TestTargetID = D7CC08551CDBA33400819A6F;
					};
				};
			};
			buildConfigurationList = D7CC08511CDBA33400819A6F /* Build configuration list for PBXProject "MSActionView" */;
			compatibilityVersion = "Xcode 3.2";
			developmentRegion = English;
			hasScannedForEncodings = 0;
			knownRegions = (
				en,
				Base,
			);
			mainGroup = D7CC084D1CDBA33400819A6F;
			productRefGroup = D7CC08571CDBA33400819A6F /* Products */;
			projectDirPath = "";
			projectRoot = "";
			targets = (
				D7CC08551CDBA33400819A6F /* MSActionView */,
				D7CC086E1CDBA33400819A6F /* MSActionViewTests */,
				D7CC08791CDBA33400819A6F /* MSActionViewUITests */,
			);
		};
/* End PBXProject section */

/* Begin PBXResourcesBuildPhase section */
		D7CC08541CDBA33400819A6F /* Resources */ = {
			isa = PBXResourcesBuildPhase;
			buildActionMask = 2147483647;
			files = (
				D7CC08691CDBA33400819A6F /* LaunchScreen.storyboard in Resources */,
				D7CC08661CDBA33400819A6F /* Assets.xcassets in Resources */,
				D7CC08641CDBA33400819A6F /* Main.storyboard in Resources */,
			);
			runOnlyForDeploymentPostprocessing = 0;
		};
		D7CC086D1CDBA33400819A6F /* Resources */ = {
			isa = PBXResourcesBuildPhase;
			buildActionMask = 2147483647;
			files = (
			);
			runOnlyForDeploymentPostprocessing = 0;
		};
		D7CC08781CDBA33400819A6F /* Resources */ = {
			isa = PBXResourcesBuildPhase;
			buildActionMask = 2147483647;
			files = (
			);
			runOnlyForDeploymentPostprocessing = 0;
		};
/* End PBXResourcesBuildPhase section */

/* Begin PBXSourcesBuildPhase section */
		D7CC08521CDBA33400819A6F /* Sources */ = {
			isa = PBXSourcesBuildPhase;
			buildActionMask = 2147483647;
			files = (
				D7CC08611CDBA33400819A6F /* ViewController.m in Sources */,
				D7CC085E1CDBA33400819A6F /* AppDelegate.m in Sources */,
				D7CC088F1CDBA36200819A6F /* MSActionView.m in Sources */,
				D7ECC6AC1CDBBA2900337234 /* MSActionTableViewCell.m in Sources */,
				D7CC085B1CDBA33400819A6F /* main.m in Sources */,
			);
			runOnlyForDeploymentPostprocessing = 0;
		};
		D7CC086B1CDBA33400819A6F /* Sources */ = {
			isa = PBXSourcesBuildPhase;
			buildActionMask = 2147483647;
			files = (
				D7CC08741CDBA33400819A6F /* MSActionViewTests.m in Sources */,
			);
			runOnlyForDeploymentPostprocessing = 0;
		};
		D7CC08761CDBA33400819A6F /* Sources */ = {
			isa = PBXSourcesBuildPhase;
			buildActionMask = 2147483647;
			files = (
				D7CC087F1CDBA33400819A6F /* MSActionViewUITests.m in Sources */,
			);
			runOnlyForDeploymentPostprocessing = 0;
		};
/* End PBXSourcesBuildPhase section */

/* Begin PBXTargetDependency section */
		D7CC08711CDBA33400819A6F /* PBXTargetDependency */ = {
			isa = PBXTargetDependency;
			target = D7CC08551CDBA33400819A6F /* MSActionView */;
			targetProxy = D7CC08701CDBA33400819A6F /* PBXContainerItemProxy */;
		};
		D7CC087C1CDBA33400819A6F /* PBXTargetDependency */ = {
			isa = PBXTargetDependency;
			target = D7CC08551CDBA33400819A6F /* MSActionView */;
			targetProxy = D7CC087B1CDBA33400819A6F /* PBXContainerItemProxy */;
		};
/* End PBXTargetDependency section */

/* Begin PBXVariantGroup section */
		D7CC08621CDBA33400819A6F /* Main.storyboard */ = {
			isa = PBXVariantGroup;
			children = (
				D7CC08631CDBA33400819A6F /* Base */,
			);
			name = Main.storyboard;
			sourceTree = "<group>";
		};
		D7CC08671CDBA33400819A6F /* LaunchScreen.storyboard */ = {
			isa = PBXVariantGroup;
			children = (
				D7CC08681CDBA33400819A6F /* Base */,
			);
			name = LaunchScreen.storyboard;
			sourceTree = "<group>";
		};
/* End PBXVariantGroup section */

/* Begin XCBuildConfiguration section */
		D7CC08811CDBA33400819A6F /* Debug */ = {
			isa = XCBuildConfiguration;
			buildSettings = {
				ALWAYS_SEARCH_USER_PATHS = NO;
				CLANG_ANALYZER_NONNULL = YES;
				CLANG_CXX_LANGUAGE_STANDARD = "gnu++0x";
				CLANG_CXX_LIBRARY = "libc++";
				CLANG_ENABLE_MODULES = YES;
				CLANG_ENABLE_OBJC_ARC = YES;
				CLANG_WARN_BOOL_CONVERSION = YES;
				CLANG_WARN_CONSTANT_CONVERSION = YES;
				CLANG_WARN_DIRECT_OBJC_ISA_USAGE = YES_ERROR;
				CLANG_WARN_EMPTY_BODY = YES;
				CLANG_WARN_ENUM_CONVERSION = YES;
				CLANG_WARN_INT_CONVERSION = YES;
				CLANG_WARN_OBJC_ROOT_CLASS = YES_ERROR;
				CLANG_WARN_UNREACHABLE_CODE = YES;
				CLANG_WARN__DUPLICATE_METHOD_MATCH = YES;
				"CODE_SIGN_IDENTITY[sdk=iphoneos*]" = "iPhone Developer";
				COPY_PHASE_STRIP = NO;
				DEBUG_INFORMATION_FORMAT = dwarf;
				ENABLE_STRICT_OBJC_MSGSEND = YES;
				ENABLE_TESTABILITY = YES;
				GCC_C_LANGUAGE_STANDARD = gnu99;
				GCC_DYNAMIC_NO_PIC = NO;
				GCC_NO_COMMON_BLOCKS = YES;
				GCC_OPTIMIZATION_LEVEL = 0;
				GCC_PREPROCESSOR_DEFINITIONS = (
					"DEBUG=1",
					"$(inherited)",
				);
				GCC_WARN_64_TO_32_BIT_CONVERSION = YES;
				GCC_WARN_ABOUT_RETURN_TYPE = YES_ERROR;
				GCC_WARN_UNDECLARED_SELECTOR = YES;
				GCC_WARN_UNINITIALIZED_AUTOS = YES_AGGRESSIVE;
				GCC_WARN_UNUSED_FUNCTION = YES;
				GCC_WARN_UNUSED_VARIABLE = YES;
				IPHONEOS_DEPLOYMENT_TARGET = 9.3;
				MTL_ENABLE_DEBUG_INFO = YES;
				ONLY_ACTIVE_ARCH = YES;
				SDKROOT = iphoneos;
			};
			name = Debug;
		};
		D7CC08821CDBA33400819A6F /* Release */ = {
			isa = XCBuildConfiguration;
			buildSettings = {
				ALWAYS_SEARCH_USER_PATHS = NO;
				CLANG_ANALYZER_NONNULL = YES;
				CLANG_CXX_LANGUAGE_STANDARD = "gnu++0x";
				CLANG_CXX_LIBRARY = "libc++";
				CLANG_ENABLE_MODULES = YES;
				CLANG_ENABLE_OBJC_ARC = YES;
				CLANG_WARN_BOOL_CONVERSION = YES;
				CLANG_WARN_CONSTANT_CONVERSION = YES;
				CLANG_WARN_DIRECT_OBJC_ISA_USAGE = YES_ERROR;
				CLANG_WARN_EMPTY_BODY = YES;
				CLANG_WARN_ENUM_CONVERSION = YES;
				CLANG_WARN_INT_CONVERSION = YES;
				CLANG_WARN_OBJC_ROOT_CLASS = YES_ERROR;
				CLANG_WARN_UNREACHABLE_CODE = YES;
				CLANG_WARN__DUPLICATE_METHOD_MATCH = YES;
				"CODE_SIGN_IDENTITY[sdk=iphoneos*]" = "iPhone Developer";
				COPY_PHASE_STRIP = NO;
				DEBUG_INFORMATION_FORMAT = "dwarf-with-dsym";
				ENABLE_NS_ASSERTIONS = NO;
				ENABLE_STRICT_OBJC_MSGSEND = YES;
				GCC_C_LANGUAGE_STANDARD = gnu99;
				GCC_NO_COMMON_BLOCKS = YES;
				GCC_WARN_64_TO_32_BIT_CONVERSION = YES;
				GCC_WARN_ABOUT_RETURN_TYPE = YES_ERROR;
				GCC_WARN_UNDECLARED_SELECTOR = YES;
				GCC_WARN_UNINITIALIZED_AUTOS = YES_AGGRESSIVE;
				GCC_WARN_UNUSED_FUNCTION = YES;
				GCC_WARN_UNUSED_VARIABLE = YES;
				IPHONEOS_DEPLOYMENT_TARGET = 9.3;
				MTL_ENABLE_DEBUG_INFO = NO;
				SDKROOT = iphoneos;
				VALIDATE_PRODUCT = YES;
			};
			name = Release;
		};
		D7CC08841CDBA33400819A6F /* Debug */ = {
			isa = XCBuildConfiguration;
			buildSettings = {
				ASSETCATALOG_COMPILER_APPICON_NAME = AppIcon;
				INFOPLIST_FILE = MSActionView/Info.plist;
				IPHONEOS_DEPLOYMENT_TARGET = 7.0;
				LD_RUNPATH_SEARCH_PATHS = "$(inherited) @executable_path/Frameworks";
				PRODUCT_BUNDLE_IDENTIFIER = com.mesird.MSActionView;
				PRODUCT_NAME = "$(TARGET_NAME)";
			};
			name = Debug;
		};
		D7CC08851CDBA33400819A6F /* Release */ = {
			isa = XCBuildConfiguration;
			buildSettings = {
				ASSETCATALOG_COMPILER_APPICON_NAME = AppIcon;
				INFOPLIST_FILE = MSActionView/Info.plist;
				IPHONEOS_DEPLOYMENT_TARGET = 7.0;
				LD_RUNPATH_SEARCH_PATHS = "$(inherited) @executable_path/Frameworks";
				PRODUCT_BUNDLE_IDENTIFIER = com.mesird.MSActionView;
				PRODUCT_NAME = "$(TARGET_NAME)";
			};
			name = Release;
		};
		D7CC08871CDBA33400819A6F /* Debug */ = {
			isa = XCBuildConfiguration;
			buildSettings = {
				BUNDLE_LOADER = "$(TEST_HOST)";
				INFOPLIST_FILE = MSActionViewTests/Info.plist;
				LD_RUNPATH_SEARCH_PATHS = "$(inherited) @executable_path/Frameworks @loader_path/Frameworks";
				PRODUCT_BUNDLE_IDENTIFIER = com.mesird.MSActionViewTests;
				PRODUCT_NAME = "$(TARGET_NAME)";
				TEST_HOST = "$(BUILT_PRODUCTS_DIR)/MSActionView.app/MSActionView";
			};
			name = Debug;
		};
		D7CC08881CDBA33400819A6F /* Release */ = {
			isa = XCBuildConfiguration;
			buildSettings = {
				BUNDLE_LOADER = "$(TEST_HOST)";
				INFOPLIST_FILE = MSActionViewTests/Info.plist;
				LD_RUNPATH_SEARCH_PATHS = "$(inherited) @executable_path/Frameworks @loader_path/Frameworks";
				PRODUCT_BUNDLE_IDENTIFIER = com.mesird.MSActionViewTests;
				PRODUCT_NAME = "$(TARGET_NAME)";
				TEST_HOST = "$(BUILT_PRODUCTS_DIR)/MSActionView.app/MSActionView";
			};
			name = Release;
		};
		D7CC088A1CDBA33400819A6F /* Debug */ = {
			isa = XCBuildConfiguration;
			buildSettings = {
				INFOPLIST_FILE = MSActionViewUITests/Info.plist;
				LD_RUNPATH_SEARCH_PATHS = "$(inherited) @executable_path/Frameworks @loader_path/Frameworks";
				PRODUCT_BUNDLE_IDENTIFIER = com.mesird.MSActionViewUITests;
				PRODUCT_NAME = "$(TARGET_NAME)";
				TEST_TARGET_NAME = MSActionView;
			};
			name = Debug;
		};
		D7CC088B1CDBA33400819A6F /* Release */ = {
			isa = XCBuildConfiguration;
			buildSettings = {
				INFOPLIST_FILE = MSActionViewUITests/Info.plist;
				LD_RUNPATH_SEARCH_PATHS = "$(inherited) @executable_path/Frameworks @loader_path/Frameworks";
				PRODUCT_BUNDLE_IDENTIFIER = com.mesird.MSActionViewUITests;
				PRODUCT_NAME = "$(TARGET_NAME)";
				TEST_TARGET_NAME = MSActionView;
			};
			name = Release;
		};
/* End XCBuildConfiguration section */

/* Begin XCConfigurationList section */
		D7CC08511CDBA33400819A6F /* Build configuration list for PBXProject "MSActionView" */ = {
			isa = XCConfigurationList;
			buildConfigurations = (
				D7CC08811CDBA33400819A6F /* Debug */,
				D7CC08821CDBA33400819A6F /* Release */,
			);
			defaultConfigurationIsVisible = 0;
			defaultConfigurationName = Release;
		};
		D7CC08831CDBA33400819A6F /* Build configuration list for PBXNativeTarget "MSActionView" */ = {
			isa = XCConfigurationList;
			buildConfigurations = (
				D7CC08841CDBA33400819A6F /* Debug */,
				D7CC08851CDBA33400819A6F /* Release */,
			);
			defaultConfigurationIsVisible = 0;
			defaultConfigurationName = Release;
		};
		D7CC08861CDBA33400819A6F /* Build configuration list for PBXNativeTarget "MSActionViewTests" */ = {
			isa = XCConfigurationList;
			buildConfigurations = (
				D7CC08871CDBA33400819A6F /* Debug */,
				D7CC08881CDBA33400819A6F /* Release */,
			);
			defaultConfigurationIsVisible = 0;
			defaultConfigurationName = Release;
		};
		D7CC08891CDBA33400819A6F /* Build configuration list for PBXNativeTarget "MSActionViewUITests" */ = {
			isa = XCConfigurationList;
			buildConfigurations = (
				D7CC088A1CDBA33400819A6F /* Debug */,
				D7CC088B1CDBA33400819A6F /* Release */,
			);
			defaultConfigurationIsVisible = 0;
			defaultConfigurationName = Release;
		};
/* End XCConfigurationList section */
	};
	rootObject = D7CC084E1CDBA33400819A6F /* Project object */;
}
